# This file is automatically @generated by Wally.
# It is not intended for manual editing.
registry = "test"

[[package]]
name = "ro-bura/argsutils"
version = "0.1.0"
dependencies = [["DeltaError", "ro-bura/deltaerror@0.1.2"]]

[[package]]
name = "ro-bura/deltaerror"
version = "0.1.2"
dependencies = []
